
Microsoft Visual Studio Solution File, Format Version 12.00
# Visual Studio Version 17
VisualStudioVersion = 17.1.32421.90
MinimumVisualStudioVersion = 10.0.40219.1
Project("{9A19103F-16F7-4668-BE54-9A1E7A4F7556}") = "R2Bot", "UI\R2Bot.csproj", "{1BEBE785-7068-46A5-97B8-0240BDE1A5BE}"
EndProject
Project("{9A19103F-16F7-4668-BE54-9A1E7A4F7556}") = "EngineProject", "EngineProject\EngineProject.csproj", "{86B3641B-DB0F-4DB9-8178-22B82A907D9F}"
EndProject
Project("{9A19103F-16F7-4668-BE54-9A1E7A4F7556}") = "ConsoleTest", "ConsoleTest\ConsoleTest.csproj", "{45B18591-7239-4BCC-A780-8D0779BCBBD3}"
EndProject
Global
	GlobalSection(SolutionConfigurationPlatforms) = preSolution
		Debug|Any CPU = Debug|Any CPU
		Release|Any CPU = Release|Any CPU
	EndGlobalSection
	GlobalSection(ProjectConfigurationPlatforms) = postSolution
		{1BEBE785-7068-46A5-97B8-0240BDE1A5BE}.Debug|Any CPU.ActiveCfg = Debug|Any CPU
		{1BEBE785-7068-46A5-97B8-0240BDE1A5BE}.Debug|Any CPU.Build.0 = Debug|Any CPU
		{1BEBE785-7068-46A5-97B8-0240BDE1A5BE}.Release|Any CPU.ActiveCfg = Release|Any CPU
		{1BEBE785-7068-46A5-97B8-0240BDE1A5BE}.Release|Any CPU.Build.0 = Release|Any CPU
		{86B3641B-DB0F-4DB9-8178-22B82A907D9F}.Debug|Any CPU.ActiveCfg = Debug|Any CPU
		{86B3641B-DB0F-4DB9-8178-22B82A907D9F}.Debug|Any CPU.Build.0 = Debug|Any CPU
		{86B3641B-DB0F-4DB9-8178-22B82A907D9F}.Release|Any CPU.ActiveCfg = Release|Any CPU
		{86B3641B-DB0F-4DB9-8178-22B82A907D9F}.Release|Any CPU.Build.0 = Release|Any CPU
		{45B18591-7239-4BCC-A780-8D0779BCBBD3}.Debug|Any CPU.ActiveCfg = Debug|Any CPU
		{45B18591-7239-4BCC-A780-8D0779BCBBD3}.Debug|Any CPU.Build.0 = Debug|Any CPU
		{45B18591-7239-4BCC-A780-8D0779BCBBD3}.Release|Any CPU.ActiveCfg = Release|Any CPU
		{45B18591-7239-4BCC-A780-8D0779BCBBD3}.Release|Any CPU.Build.0 = Release|Any CPU
	EndGlobalSection
	GlobalSection(SolutionProperties) = preSolution
		HideSolutionNode = FALSE
	EndGlobalSection
	GlobalSection(ExtensibilityGlobals) = postSolution
		SolutionGuid = {0FBB1DCF-9040-405A-A58D-AB6B7CDF6D3A}
	EndGlobalSection
EndGlobal
